
Microsoft Visual Studio Solution File, Format Version 12.00
# Visual Studio Version 17
VisualStudioVersion = 17.5.002.0
MinimumVisualStudioVersion = 10.0.40219.1
Project("{9A19103F-16F7-4668-BE54-9A1E7A4F7556}") = "SpaceShipGame", "SpaceShipGame.csproj", "{FE8887E4-FE94-4457-92D3-E05D55922017}"
EndProject
Global
	GlobalSection(SolutionConfigurationPlatforms) = preSolution
		Debug|Any CPU = Debug|Any CPU
		Release|Any CPU = Release|Any CPU
	EndGlobalSection
	GlobalSection(ProjectConfigurationPlatforms) = postSolution
		{FE8887E4-FE94-4457-92D3-E05D55922017}.Debug|Any CPU.ActiveCfg = Debug|Any CPU
		{FE8887E4-FE94-4457-92D3-E05D55922017}.Debug|Any CPU.Build.0 = Debug|Any CPU
		{FE8887E4-FE94-4457-92D3-E05D55922017}.Release|Any CPU.ActiveCfg = Release|Any CPU
		{FE8887E4-FE94-4457-92D3-E05D55922017}.Release|Any CPU.Build.0 = Release|Any CPU
	EndGlobalSection
	GlobalSection(SolutionProperties) = preSolution
		HideSolutionNode = FALSE
	EndGlobalSection
	GlobalSection(ExtensibilityGlobals) = postSolution
		SolutionGuid = {65BB732E-57ED-4450-AFE3-6ADD39B6D77A}
	EndGlobalSection
EndGlobal
